PODS:
  - AssetReader (1.1.0)
  - NexEditorEngine (2.12.41):
    - NexEditorEngine/NexEditor (= 2.12.41)
  - NexEditorEngine/NexEditor (2.12.41)
  - NexEditorFramework (1.6.0):
    - AssetReader
    - NexEditorEngine
  - SampleClipSources (0.0.1)

DEPENDENCIES:
  - AssetReader (from `../../NexEditorFramework/AssetReader`)
  - NexEditorEngine (from `../../submodules/NexEditor`)
  - NexEditorFramework (from `../../`)
  - SampleClipSources (from `../../SampleClipSources`)

EXTERNAL SOURCES:
  AssetReader:
    :path: "../../NexEditorFramework/AssetReader"
  NexEditorEngine:
    :path: "../../submodules/NexEditor"
  NexEditorFramework:
    :path: "../../"
  SampleClipSources:
    :path: "../../SampleClipSources"

SPEC CHECKSUMS:
  AssetReader: 352e6a8503a783d2d3e8f3ee44fcc59ee6ae0c34
  NexEditorEngine: f9cf1546401f8c3f3569db4707eebaba48cfcd9b
  NexEditorFramework: 470b35d358497239dbd2326b86df2e1be3410d44
  SampleClipSources: 5b5ce7dec2ec9ad4205097378fc72c2ec7200bcd

PODFILE CHECKSUM: e703716dd0838f48c307d6a8bf67850d1f0de674

COCOAPODS: 1.5.3
