PODS:
  - NexEditorEngine (3.0.7):
    - NexEditorEngine/NexEditor (= 3.0.7)
  - NexEditorEngine/NexEditor (3.0.7)
  - NexEditorFramework (1.7.0):
    - NexEditorEngine
  - SampleClipSources (0.0.1)

DEPENDENCIES:
  - NexEditorEngine
  - NexEditorFramework (from `../../../NexEditorFramework`)
  - SampleClipSources (from `../../SampleClipSources`)

SPEC REPOS:
  https://github.com/KineMasterCorp/NexPods.git:
    - NexEditorEngine

EXTERNAL SOURCES:
  NexEditorFramework:
    :path: "../../../NexEditorFramework"
  SampleClipSources:
    :path: "../../SampleClipSources"

SPEC CHECKSUMS:
  NexEditorEngine: f470d72926fbcaf1d708045090c07f381ad28e06
  NexEditorFramework: 2fc57cb23a9e855730c7231385862fc537786c2a
  SampleClipSources: 507432a06a1eba62a2eabe9d84dcb96e4accd10f

PODFILE CHECKSUM: 07f1cdc0026a993ae26aed501cf61d5eb7c4af03

COCOAPODS: 1.10.0
