PODS:
  - NexEditorEngine (2.16.11):
    - NexEditorEngine/NexEditor (= 2.16.11)
  - NexEditorEngine/NexEditor (2.16.11)

DEPENDENCIES:
  - NexEditorEngine

SPEC REPOS:
  https://github.com/KineMasterCorp/NexPods.git:
    - NexEditorEngine

SPEC CHECKSUMS:
  NexEditorEngine: 81f97e4e770221d37d271aa2ae5a8a882e215655

PODFILE CHECKSUM: 710104a11d979ea6ba6cd37062e836c78921fcc8

COCOAPODS: 1.10.0
