PODS:
  - NexEditorEngine (3.0.5):
    - NexEditorEngine/NexEditor (= 3.0.5)
  - NexEditorEngine/NexEditor (3.0.5)
  - NexEditorFramework (1.7.0):
    - NexEditorEngine

DEPENDENCIES:
  - NexEditorEngine
  - NexEditorFramework (from `../NexEditorFramework`)

SPEC REPOS:
  https://github.com/KineMasterCorp/NexPods.git:
    - NexEditorEngine

EXTERNAL SOURCES:
  NexEditorFramework:
    :path: "../NexEditorFramework"

SPEC CHECKSUMS:
  NexEditorEngine: 35a33d25b234c9872834a433e6550438dc70a8aa
  NexEditorFramework: 2fc57cb23a9e855730c7231385862fc537786c2a

PODFILE CHECKSUM: 501daff4cfc08222a5854a47857abd09458771c3

COCOAPODS: 1.10.0
