PODS:
  - NexEditorEngine (2.16.33):
    - NexEditorEngine/NexEditor (= 2.16.33)
  - NexEditorEngine/NexEditor (2.16.33)
  - NexEditorFramework (1.6.0):
    - NexEditorEngine

DEPENDENCIES:
  - NexEditorEngine
  - NexEditorFramework (from `../NexEditor_IOS/`)

SPEC REPOS:
  https://github.com/KineMasterCorp/NexPods.git:
    - NexEditorEngine

EXTERNAL SOURCES:
  NexEditorFramework:
    :path: "../NexEditor_IOS/"

SPEC CHECKSUMS:
  NexEditorEngine: 29a99f287335ee3a53f194711a7d072c592ff30b
  NexEditorFramework: bb60bab3fbd3d14599a2a439f3c5ae2c1cd7c3d4

PODFILE CHECKSUM: 8fa3822a079930d43977b39e733a186a7924a627

COCOAPODS: 1.10.0
